<?xml version="1.0" encoding="utf-8"?>
<Project ToolsVersion="4.0" xmlns="http://schemas.microsoft.com/developer/msbuild/2003">
  <ItemGroup>
    <Filter Include="源文件">
      <UniqueIdentifier>{017d7cb6-8843-4d97-b212-e29d1d6c643f}</UniqueIdentifier>
    </Filter>
    <Filter Include="头文件">
      <UniqueIdentifier>{d14594a7-8678-4689-ab5d-3a89b9f27ae5}</UniqueIdentifier>
    </Filter>
  </ItemGroup>
  <ItemGroup>
    <ClCompile Include="..\..\..\..\Dependencies\SDL_mixer\external\libmodplug-0.8.9.0\src\fastmix.cpp">
      <Filter>源文件</Filter>
    </ClCompile>
    <ClCompile Include="..\..\..\..\Dependencies\SDL_mixer\external\libmodplug-0.8.9.0\src\load_669.cpp">
      <Filter>源文件</Filter>
    </ClCompile>
    <ClCompile Include="..\..\..\..\Dependencies\SDL_mixer\external\libmodplug-0.8.9.0\src\load_abc.cpp">
      <Filter>源文件</Filter>
    </ClCompile>
    <ClCompile Include="..\..\..\..\Dependencies\SDL_mixer\external\libmodplug-0.8.9.0\src\load_amf.cpp">
      <Filter>源文件</Filter>
    </ClCompile>
    <ClCompile Include="..\..\..\..\Dependencies\SDL_mixer\external\libmodplug-0.8.9.0\src\load_ams.cpp">
      <Filter>源文件</Filter>
    </ClCompile>
    <ClCompile Include="..\..\..\..\Dependencies\SDL_mixer\external\libmodplug-0.8.9.0\src\load_dbm.cpp">
      <Filter>源文件</Filter>
    </ClCompile>
    <ClCompile Include="..\..\..\..\Dependencies\SDL_mixer\external\libmodplug-0.8.9.0\src\load_dmf.cpp">
      <Filter>源文件</Filter>
    </ClCompile>
    <ClCompile Include="..\..\..\..\Dependencies\SDL_mixer\external\libmodplug-0.8.9.0\src\load_dsm.cpp">
      <Filter>源文件</Filter>
    </ClCompile>
    <ClCompile Include="..\..\..\..\Dependencies\SDL_mixer\external\libmodplug-0.8.9.0\src\load_far.cpp">
      <Filter>源文件</Filter>
    </ClCompile>
    <ClCompile Include="..\..\..\..\Dependencies\SDL_mixer\external\libmodplug-0.8.9.0\src\load_gdm.cpp">
      <Filter>源文件</Filter>
    </ClCompile>
    <ClCompile Include="..\..\..\..\Dependencies\SDL_mixer\external\libmodplug-0.8.9.0\src\load_it.cpp">
      <Filter>源文件</Filter>
    </ClCompile>
    <ClCompile Include="..\..\..\..\Dependencies\SDL_mixer\external\libmodplug-0.8.9.0\src\load_mdl.cpp">
      <Filter>源文件</Filter>
    </ClCompile>
    <ClCompile Include="..\..\..\..\Dependencies\SDL_mixer\external\libmodplug-0.8.9.0\src\load_med.cpp">
      <Filter>源文件</Filter>
    </ClCompile>
    <ClCompile Include="..\..\..\..\Dependencies\SDL_mixer\external\libmodplug-0.8.9.0\src\load_mid.cpp">
      <Filter>源文件</Filter>
    </ClCompile>
    <ClCompile Include="..\..\..\..\Dependencies\SDL_mixer\external\libmodplug-0.8.9.0\src\load_mod.cpp">
      <Filter>源文件</Filter>
    </ClCompile>
    <ClCompile Include="..\..\..\..\Dependencies\SDL_mixer\external\libmodplug-0.8.9.0\src\load_mt2.cpp">
      <Filter>源文件</Filter>
    </ClCompile>
    <ClCompile Include="..\..\..\..\Dependencies\SDL_mixer\external\libmodplug-0.8.9.0\src\load_mtm.cpp">
      <Filter>源文件</Filter>
    </ClCompile>
    <ClCompile Include="..\..\..\..\Dependencies\SDL_mixer\external\libmodplug-0.8.9.0\src\load_okt.cpp">
      <Filter>源文件</Filter>
    </ClCompile>
    <ClCompile Include="..\..\..\..\Dependencies\SDL_mixer\external\libmodplug-0.8.9.0\src\load_pat.cpp">
      <Filter>源文件</Filter>
    </ClCompile>
    <ClCompile Include="..\..\..\..\Dependencies\SDL_mixer\external\libmodplug-0.8.9.0\src\load_psm.cpp">
      <Filter>源文件</Filter>
    </ClCompile>
    <ClCompile Include="..\..\..\..\Dependencies\SDL_mixer\external\libmodplug-0.8.9.0\src\load_ptm.cpp">
      <Filter>源文件</Filter>
    </ClCompile>
    <ClCompile Include="..\..\..\..\Dependencies\SDL_mixer\external\libmodplug-0.8.9.0\src\load_s3m.cpp">
      <Filter>源文件</Filter>
    </ClCompile>
    <ClCompile Include="..\..\..\..\Dependencies\SDL_mixer\external\libmodplug-0.8.9.0\src\load_stm.cpp">
      <Filter>源文件</Filter>
    </ClCompile>
    <ClCompile Include="..\..\..\..\Dependencies\SDL_mixer\external\libmodplug-0.8.9.0\src\load_ult.cpp">
      <Filter>源文件</Filter>
    </ClCompile>
    <ClCompile Include="..\..\..\..\Dependencies\SDL_mixer\external\libmodplug-0.8.9.0\src\load_umx.cpp">
      <Filter>源文件</Filter>
    </ClCompile>
    <ClCompile Include="..\..\..\..\Dependencies\SDL_mixer\external\libmodplug-0.8.9.0\src\load_wav.cpp">
      <Filter>源文件</Filter>
    </ClCompile>
    <ClCompile Include="..\..\..\..\Dependencies\SDL_mixer\external\libmodplug-0.8.9.0\src\load_xm.cpp">
      <Filter>源文件</Filter>
    </ClCompile>
    <ClCompile Include="..\..\..\..\Dependencies\SDL_mixer\external\libmodplug-0.8.9.0\src\mmcmp.cpp">
      <Filter>源文件</Filter>
    </ClCompile>
    <ClCompile Include="..\..\..\..\Dependencies\SDL_mixer\external\libmodplug-0.8.9.0\src\modplug.cpp">
      <Filter>源文件</Filter>
    </ClCompile>
    <ClCompile Include="..\..\..\..\Dependencies\SDL_mixer\external\libmodplug-0.8.9.0\src\snd_dsp.cpp">
      <Filter>源文件</Filter>
    </ClCompile>
    <ClCompile Include="..\..\..\..\Dependencies\SDL_mixer\external\libmodplug-0.8.9.0\src\snd_flt.cpp">
      <Filter>源文件</Filter>
    </ClCompile>
    <ClCompile Include="..\..\..\..\Dependencies\SDL_mixer\external\libmodplug-0.8.9.0\src\snd_fx.cpp">
      <Filter>源文件</Filter>
    </ClCompile>
    <ClCompile Include="..\..\..\..\Dependencies\SDL_mixer\external\libmodplug-0.8.9.0\src\sndfile.cpp">
      <Filter>源文件</Filter>
    </ClCompile>
    <ClCompile Include="..\..\..\..\Dependencies\SDL_mixer\external\libmodplug-0.8.9.0\src\sndmix.cpp">
      <Filter>源文件</Filter>
    </ClCompile>
  </ItemGroup>
  <ItemGroup>
    <ClInclude Include="..\..\..\..\Dependencies\SDL_mixer\external\libmodplug-0.8.9.0\src\load_pat.h">
      <Filter>头文件</Filter>
    </ClInclude>
    <ClInclude Include="..\..\..\..\Dependencies\SDL_mixer\external\libmodplug-0.8.9.0\src\modplug.h">
      <Filter>头文件</Filter>
    </ClInclude>
    <ClInclude Include="..\..\..\..\Dependencies\SDL_mixer\external\libmodplug-0.8.9.0\src\tables.h">
      <Filter>头文件</Filter>
    </ClInclude>
  </ItemGroup>
</Project>