<?xml version="1.0" encoding="utf-8"?>
<Project ToolsVersion="4.0" xmlns="http://schemas.microsoft.com/developer/msbuild/2003">
  <ItemGroup>
    <Filter Include="头文件">
      <UniqueIdentifier>{93995380-89BD-4b04-88EB-625FBE52EBFB}</UniqueIdentifier>
      <Extensions>h;hpp;hxx;hm;inl;inc;xsd</Extensions>
    </Filter>
    <Filter Include="源文件">
      <UniqueIdentifier>{4FC737F1-C7A5-4376-A066-2A32D752A2FF}</UniqueIdentifier>
      <Extensions>cpp;c;cc;cxx;def;odl;idl;hpj;bat;asm;asmx</Extensions>
    </Filter>
  </ItemGroup>
  <ItemGroup>
    <ClCompile Include="$(SolutionDir)..\..\Dependencies\SDL_image\external\jpeg-$(libjpeg_ver)\jaricom.c">
      <Filter>源文件</Filter>
    </ClCompile>
    <ClCompile Include="$(SolutionDir)..\..\Dependencies\SDL_image\external\jpeg-$(libjpeg_ver)\jcapimin.c">
      <Filter>源文件</Filter>
    </ClCompile>
    <ClCompile Include="$(SolutionDir)..\..\Dependencies\SDL_image\external\jpeg-$(libjpeg_ver)\jcapistd.c">
      <Filter>源文件</Filter>
    </ClCompile>
    <ClCompile Include="$(SolutionDir)..\..\Dependencies\SDL_image\external\jpeg-$(libjpeg_ver)\jcarith.c">
      <Filter>源文件</Filter>
    </ClCompile>
    <ClCompile Include="$(SolutionDir)..\..\Dependencies\SDL_image\external\jpeg-$(libjpeg_ver)\jccoefct.c">
      <Filter>源文件</Filter>
    </ClCompile>
    <ClCompile Include="$(SolutionDir)..\..\Dependencies\SDL_image\external\jpeg-$(libjpeg_ver)\jccolor.c">
      <Filter>源文件</Filter>
    </ClCompile>
    <ClCompile Include="$(SolutionDir)..\..\Dependencies\SDL_image\external\jpeg-$(libjpeg_ver)\jcdctmgr.c">
      <Filter>源文件</Filter>
    </ClCompile>
    <ClCompile Include="$(SolutionDir)..\..\Dependencies\SDL_image\external\jpeg-$(libjpeg_ver)\jchuff.c">
      <Filter>源文件</Filter>
    </ClCompile>
    <ClCompile Include="$(SolutionDir)..\..\Dependencies\SDL_image\external\jpeg-$(libjpeg_ver)\jcinit.c">
      <Filter>源文件</Filter>
    </ClCompile>
    <ClCompile Include="$(SolutionDir)..\..\Dependencies\SDL_image\external\jpeg-$(libjpeg_ver)\jcmainct.c">
      <Filter>源文件</Filter>
    </ClCompile>
    <ClCompile Include="$(SolutionDir)..\..\Dependencies\SDL_image\external\jpeg-$(libjpeg_ver)\jcmarker.c">
      <Filter>源文件</Filter>
    </ClCompile>
    <ClCompile Include="$(SolutionDir)..\..\Dependencies\SDL_image\external\jpeg-$(libjpeg_ver)\jcmaster.c">
      <Filter>源文件</Filter>
    </ClCompile>
    <ClCompile Include="$(SolutionDir)..\..\Dependencies\SDL_image\external\jpeg-$(libjpeg_ver)\jcomapi.c">
      <Filter>源文件</Filter>
    </ClCompile>
    <ClCompile Include="$(SolutionDir)..\..\Dependencies\SDL_image\external\jpeg-$(libjpeg_ver)\jcparam.c">
      <Filter>源文件</Filter>
    </ClCompile>
    <ClCompile Include="$(SolutionDir)..\..\Dependencies\SDL_image\external\jpeg-$(libjpeg_ver)\jcprepct.c">
      <Filter>源文件</Filter>
    </ClCompile>
    <ClCompile Include="$(SolutionDir)..\..\Dependencies\SDL_image\external\jpeg-$(libjpeg_ver)\jcsample.c">
      <Filter>源文件</Filter>
    </ClCompile>
    <ClCompile Include="$(SolutionDir)..\..\Dependencies\SDL_image\external\jpeg-$(libjpeg_ver)\jctrans.c">
      <Filter>源文件</Filter>
    </ClCompile>
    <ClCompile Include="$(SolutionDir)..\..\Dependencies\SDL_image\external\jpeg-$(libjpeg_ver)\jdapimin.c">
      <Filter>源文件</Filter>
    </ClCompile>
    <ClCompile Include="$(SolutionDir)..\..\Dependencies\SDL_image\external\jpeg-$(libjpeg_ver)\jdapistd.c">
      <Filter>源文件</Filter>
    </ClCompile>
    <ClCompile Include="$(SolutionDir)..\..\Dependencies\SDL_image\external\jpeg-$(libjpeg_ver)\jdarith.c">
      <Filter>源文件</Filter>
    </ClCompile>
    <ClCompile Include="$(SolutionDir)..\..\Dependencies\SDL_image\external\jpeg-$(libjpeg_ver)\jdatadst.c">
      <Filter>源文件</Filter>
    </ClCompile>
    <ClCompile Include="$(SolutionDir)..\..\Dependencies\SDL_image\external\jpeg-$(libjpeg_ver)\jdatasrc.c">
      <Filter>源文件</Filter>
    </ClCompile>
    <ClCompile Include="$(SolutionDir)..\..\Dependencies\SDL_image\external\jpeg-$(libjpeg_ver)\jdcoefct.c">
      <Filter>源文件</Filter>
    </ClCompile>
    <ClCompile Include="$(SolutionDir)..\..\Dependencies\SDL_image\external\jpeg-$(libjpeg_ver)\jdcolor.c">
      <Filter>源文件</Filter>
    </ClCompile>
    <ClCompile Include="$(SolutionDir)..\..\Dependencies\SDL_image\external\jpeg-$(libjpeg_ver)\jddctmgr.c">
      <Filter>源文件</Filter>
    </ClCompile>
    <ClCompile Include="$(SolutionDir)..\..\Dependencies\SDL_image\external\jpeg-$(libjpeg_ver)\jdhuff.c">
      <Filter>源文件</Filter>
    </ClCompile>
    <ClCompile Include="$(SolutionDir)..\..\Dependencies\SDL_image\external\jpeg-$(libjpeg_ver)\jdinput.c">
      <Filter>源文件</Filter>
    </ClCompile>
    <ClCompile Include="$(SolutionDir)..\..\Dependencies\SDL_image\external\jpeg-$(libjpeg_ver)\jdmainct.c">
      <Filter>源文件</Filter>
    </ClCompile>
    <ClCompile Include="$(SolutionDir)..\..\Dependencies\SDL_image\external\jpeg-$(libjpeg_ver)\jdmarker.c">
      <Filter>源文件</Filter>
    </ClCompile>
    <ClCompile Include="$(SolutionDir)..\..\Dependencies\SDL_image\external\jpeg-$(libjpeg_ver)\jdmaster.c">
      <Filter>源文件</Filter>
    </ClCompile>
    <ClCompile Include="$(SolutionDir)..\..\Dependencies\SDL_image\external\jpeg-$(libjpeg_ver)\jdmerge.c">
      <Filter>源文件</Filter>
    </ClCompile>
    <ClCompile Include="$(SolutionDir)..\..\Dependencies\SDL_image\external\jpeg-$(libjpeg_ver)\jdpostct.c">
      <Filter>源文件</Filter>
    </ClCompile>
    <ClCompile Include="$(SolutionDir)..\..\Dependencies\SDL_image\external\jpeg-$(libjpeg_ver)\jdsample.c">
      <Filter>源文件</Filter>
    </ClCompile>
    <ClCompile Include="$(SolutionDir)..\..\Dependencies\SDL_image\external\jpeg-$(libjpeg_ver)\jdtrans.c">
      <Filter>源文件</Filter>
    </ClCompile>
    <ClCompile Include="$(SolutionDir)..\..\Dependencies\SDL_image\external\jpeg-$(libjpeg_ver)\jerror.c">
      <Filter>源文件</Filter>
    </ClCompile>
    <ClCompile Include="$(SolutionDir)..\..\Dependencies\SDL_image\external\jpeg-$(libjpeg_ver)\jfdctflt.c">
      <Filter>源文件</Filter>
    </ClCompile>
    <ClCompile Include="$(SolutionDir)..\..\Dependencies\SDL_image\external\jpeg-$(libjpeg_ver)\jfdctfst.c">
      <Filter>源文件</Filter>
    </ClCompile>
    <ClCompile Include="$(SolutionDir)..\..\Dependencies\SDL_image\external\jpeg-$(libjpeg_ver)\jfdctint.c">
      <Filter>源文件</Filter>
    </ClCompile>
    <ClCompile Include="$(SolutionDir)..\..\Dependencies\SDL_image\external\jpeg-$(libjpeg_ver)\jidctflt.c">
      <Filter>源文件</Filter>
    </ClCompile>
    <ClCompile Include="$(SolutionDir)..\..\Dependencies\SDL_image\external\jpeg-$(libjpeg_ver)\jidctfst.c">
      <Filter>源文件</Filter>
    </ClCompile>
    <ClCompile Include="$(SolutionDir)..\..\Dependencies\SDL_image\external\jpeg-$(libjpeg_ver)\jidctint.c">
      <Filter>源文件</Filter>
    </ClCompile>
    <ClCompile Include="$(SolutionDir)..\..\Dependencies\SDL_image\external\jpeg-$(libjpeg_ver)\jmemmgr.c">
      <Filter>源文件</Filter>
    </ClCompile>
    <ClCompile Include="$(SolutionDir)..\..\Dependencies\SDL_image\external\jpeg-$(libjpeg_ver)\jquant1.c">
      <Filter>源文件</Filter>
    </ClCompile>
    <ClCompile Include="$(SolutionDir)..\..\Dependencies\SDL_image\external\jpeg-$(libjpeg_ver)\jquant2.c">
      <Filter>源文件</Filter>
    </ClCompile>
    <ClCompile Include="$(SolutionDir)..\..\Dependencies\SDL_image\external\jpeg-$(libjpeg_ver)\jutils.c">
      <Filter>源文件</Filter>
    </ClCompile>
    <ClCompile Include="$(SolutionDir)..\..\Dependencies\SDL_image\external\jpeg-9d\jmemansi.c">
      <Filter>源文件</Filter>
    </ClCompile>
  </ItemGroup>
  <ItemGroup>
    <ClInclude Include="$(SolutionDir)..\..\Dependencies\SDL_image\VisualC\external\include\jerror.h">
      <Filter>头文件</Filter>
    </ClInclude>
    <ClInclude Include="$(SolutionDir)..\..\Dependencies\SDL_image\VisualC\external\include\jmorecfg.h">
      <Filter>头文件</Filter>
    </ClInclude>
    <ClInclude Include="$(SolutionDir)..\..\Dependencies\SDL_image\VisualC\external\include\jpeglib.h">
      <Filter>头文件</Filter>
    </ClInclude>
    <ClInclude Include="$(SolutionDir)..\..\Dependencies\SDL_image\VisualC\external\include\jconfig.h">
      <Filter>头文件</Filter>
    </ClInclude>
  </ItemGroup>
</Project>