<?xml version="1.0" encoding="utf-8"?>
<Project ToolsVersion="4.0" xmlns="http://schemas.microsoft.com/developer/msbuild/2003">
  <ItemGroup>
    <Filter Include="源文件">
      <UniqueIdentifier>{5aa7de0e-e11b-475f-8513-72db74bee708}</UniqueIdentifier>
    </Filter>
    <Filter Include="头文件">
      <UniqueIdentifier>{ab3dcb9d-8487-46fe-ab23-e5b196f8b2f0}</UniqueIdentifier>
    </Filter>
  </ItemGroup>
  <ItemGroup>
    <ClCompile Include="$(SolutionDir)..\..\Sources\lib\socket\auxiliar.c">
      <Filter>源文件</Filter>
    </ClCompile>
    <ClCompile Include="$(SolutionDir)..\..\Sources\lib\socket\buffer.c">
      <Filter>源文件</Filter>
    </ClCompile>
    <ClCompile Include="$(SolutionDir)..\..\Sources\lib\socket\except.c">
      <Filter>源文件</Filter>
    </ClCompile>
    <ClCompile Include="$(SolutionDir)..\..\Sources\lib\socket\inet.c">
      <Filter>源文件</Filter>
    </ClCompile>
    <ClCompile Include="$(SolutionDir)..\..\Sources\lib\socket\io.c">
      <Filter>源文件</Filter>
    </ClCompile>
    <ClCompile Include="$(SolutionDir)..\..\Sources\lib\socket\luasocket.c">
      <Filter>源文件</Filter>
    </ClCompile>
    <ClCompile Include="$(SolutionDir)..\..\Sources\lib\socket\options.c">
      <Filter>源文件</Filter>
    </ClCompile>
    <ClCompile Include="$(SolutionDir)..\..\Sources\lib\socket\select.c">
      <Filter>源文件</Filter>
    </ClCompile>
    <ClCompile Include="$(SolutionDir)..\..\Sources\lib\socket\serial.c">
      <Filter>源文件</Filter>
    </ClCompile>
    <ClCompile Include="$(SolutionDir)..\..\Sources\lib\socket\tcp.c">
      <Filter>源文件</Filter>
    </ClCompile>
    <ClCompile Include="$(SolutionDir)..\..\Sources\lib\socket\timeout.c">
      <Filter>源文件</Filter>
    </ClCompile>
    <ClCompile Include="$(SolutionDir)..\..\Sources\lib\socket\udp.c">
      <Filter>源文件</Filter>
    </ClCompile>
    <ClCompile Include="$(SolutionDir)..\..\Sources\lib\socket\unix.c">
      <Filter>源文件</Filter>
    </ClCompile>
    <ClCompile Include="$(SolutionDir)..\..\Sources\lib\socket\unixdgram.c">
      <Filter>源文件</Filter>
    </ClCompile>
    <ClCompile Include="$(SolutionDir)..\..\Sources\lib\socket\unixstream.c">
      <Filter>源文件</Filter>
    </ClCompile>
    <ClCompile Include="$(SolutionDir)..\..\Sources\lib\socket\usocket.c">
      <Filter>源文件</Filter>
    </ClCompile>
  </ItemGroup>
</Project>