<?xml version="1.0" encoding="utf-8"?>
<Project ToolsVersion="4.0" xmlns="http://schemas.microsoft.com/developer/msbuild/2003">
  <ItemGroup>
    <ClCompile Include="$(SolutionDir)..\..\Dependencies\libzmq\src\address.cpp">
      <Filter>源文件</Filter>
    </ClCompile>
    <ClCompile Include="$(SolutionDir)..\..\Dependencies\libzmq\src\clock.cpp">
      <Filter>源文件</Filter>
    </ClCompile>
    <ClCompile Include="$(SolutionDir)..\..\Dependencies\libzmq\src\ctx.cpp">
      <Filter>源文件</Filter>
    </ClCompile>
    <ClCompile Include="$(SolutionDir)..\..\Dependencies\libzmq\src\dealer.cpp">
      <Filter>源文件</Filter>
    </ClCompile>
    <ClCompile Include="$(SolutionDir)..\..\Dependencies\libzmq\src\devpoll.cpp">
      <Filter>源文件</Filter>
    </ClCompile>
    <ClCompile Include="$(SolutionDir)..\..\Dependencies\libzmq\src\dgram.cpp">
      <Filter>源文件</Filter>
    </ClCompile>
    <ClCompile Include="$(SolutionDir)..\..\Dependencies\libzmq\src\dist.cpp">
      <Filter>源文件</Filter>
    </ClCompile>
    <ClCompile Include="$(SolutionDir)..\..\Dependencies\libzmq\src\epoll.cpp">
      <Filter>源文件</Filter>
    </ClCompile>
    <ClCompile Include="$(SolutionDir)..\..\Dependencies\libzmq\src\err.cpp">
      <Filter>源文件</Filter>
    </ClCompile>
    <ClCompile Include="$(SolutionDir)..\..\Dependencies\libzmq\src\fq.cpp">
      <Filter>源文件</Filter>
    </ClCompile>
    <ClCompile Include="$(SolutionDir)..\..\Dependencies\libzmq\src\io_object.cpp">
      <Filter>源文件</Filter>
    </ClCompile>
    <ClCompile Include="$(SolutionDir)..\..\Dependencies\libzmq\src\io_thread.cpp">
      <Filter>源文件</Filter>
    </ClCompile>
    <ClCompile Include="$(SolutionDir)..\..\Dependencies\libzmq\src\ip.cpp">
      <Filter>源文件</Filter>
    </ClCompile>
    <ClCompile Include="$(SolutionDir)..\..\Dependencies\libzmq\src\ipc_address.cpp">
      <Filter>源文件</Filter>
    </ClCompile>
    <ClCompile Include="$(SolutionDir)..\..\Dependencies\libzmq\src\ipc_connecter.cpp">
      <Filter>源文件</Filter>
    </ClCompile>
    <ClCompile Include="$(SolutionDir)..\..\Dependencies\libzmq\src\ipc_listener.cpp">
      <Filter>源文件</Filter>
    </ClCompile>
    <ClCompile Include="$(SolutionDir)..\..\Dependencies\libzmq\src\kqueue.cpp">
      <Filter>源文件</Filter>
    </ClCompile>
    <ClCompile Include="$(SolutionDir)..\..\Dependencies\libzmq\src\lb.cpp">
      <Filter>源文件</Filter>
    </ClCompile>
    <ClCompile Include="$(SolutionDir)..\..\Dependencies\libzmq\src\mailbox.cpp">
      <Filter>源文件</Filter>
    </ClCompile>
    <ClCompile Include="$(SolutionDir)..\..\Dependencies\libzmq\src\mechanism.cpp">
      <Filter>源文件</Filter>
    </ClCompile>
    <ClCompile Include="$(SolutionDir)..\..\Dependencies\libzmq\src\metadata.cpp">
      <Filter>源文件</Filter>
    </ClCompile>
    <ClCompile Include="$(SolutionDir)..\..\Dependencies\libzmq\src\msg.cpp">
      <Filter>源文件</Filter>
    </ClCompile>
    <ClCompile Include="$(SolutionDir)..\..\Dependencies\libzmq\src\mtrie.cpp">
      <Filter>源文件</Filter>
    </ClCompile>
    <ClCompile Include="$(SolutionDir)..\..\Dependencies\libzmq\src\null_mechanism.cpp">
      <Filter>源文件</Filter>
    </ClCompile>
    <ClCompile Include="$(SolutionDir)..\..\Dependencies\libzmq\src\object.cpp">
      <Filter>源文件</Filter>
    </ClCompile>
    <ClCompile Include="$(SolutionDir)..\..\Dependencies\libzmq\src\options.cpp">
      <Filter>源文件</Filter>
    </ClCompile>
    <ClCompile Include="$(SolutionDir)..\..\Dependencies\libzmq\src\own.cpp">
      <Filter>源文件</Filter>
    </ClCompile>
    <ClCompile Include="$(SolutionDir)..\..\Dependencies\libzmq\src\pair.cpp">
      <Filter>源文件</Filter>
    </ClCompile>
    <ClCompile Include="$(SolutionDir)..\..\Dependencies\libzmq\src\pgm_receiver.cpp">
      <Filter>源文件</Filter>
    </ClCompile>
    <ClCompile Include="$(SolutionDir)..\..\Dependencies\libzmq\src\pgm_sender.cpp">
      <Filter>源文件</Filter>
    </ClCompile>
    <ClCompile Include="$(SolutionDir)..\..\Dependencies\libzmq\src\pgm_socket.cpp">
      <Filter>源文件</Filter>
    </ClCompile>
    <ClCompile Include="$(SolutionDir)..\..\Dependencies\libzmq\src\pipe.cpp">
      <Filter>源文件</Filter>
    </ClCompile>
    <ClCompile Include="$(SolutionDir)..\..\Dependencies\libzmq\src\plain_client.cpp">
      <Filter>源文件</Filter>
    </ClCompile>
    <ClCompile Include="$(SolutionDir)..\..\Dependencies\libzmq\src\plain_server.cpp">
      <Filter>源文件</Filter>
    </ClCompile>
    <ClCompile Include="$(SolutionDir)..\..\Dependencies\libzmq\src\poll.cpp">
      <Filter>源文件</Filter>
    </ClCompile>
    <ClCompile Include="$(SolutionDir)..\..\Dependencies\libzmq\src\poller_base.cpp">
      <Filter>源文件</Filter>
    </ClCompile>
    <ClCompile Include="$(SolutionDir)..\..\Dependencies\libzmq\src\proxy.cpp">
      <Filter>源文件</Filter>
    </ClCompile>
    <ClCompile Include="$(SolutionDir)..\..\Dependencies\libzmq\src\pub.cpp">
      <Filter>源文件</Filter>
    </ClCompile>
    <ClCompile Include="$(SolutionDir)..\..\Dependencies\libzmq\src\pull.cpp">
      <Filter>源文件</Filter>
    </ClCompile>
    <ClCompile Include="$(SolutionDir)..\..\Dependencies\libzmq\src\push.cpp">
      <Filter>源文件</Filter>
    </ClCompile>
    <ClCompile Include="$(SolutionDir)..\..\Dependencies\libzmq\src\random.cpp">
      <Filter>源文件</Filter>
    </ClCompile>
    <ClCompile Include="$(SolutionDir)..\..\Dependencies\libzmq\src\raw_decoder.cpp">
      <Filter>源文件</Filter>
    </ClCompile>
    <ClCompile Include="$(SolutionDir)..\..\Dependencies\libzmq\src\raw_encoder.cpp">
      <Filter>源文件</Filter>
    </ClCompile>
    <ClCompile Include="$(SolutionDir)..\..\Dependencies\libzmq\src\reaper.cpp">
      <Filter>源文件</Filter>
    </ClCompile>
    <ClCompile Include="$(SolutionDir)..\..\Dependencies\libzmq\src\rep.cpp">
      <Filter>源文件</Filter>
    </ClCompile>
    <ClCompile Include="$(SolutionDir)..\..\Dependencies\libzmq\src\req.cpp">
      <Filter>源文件</Filter>
    </ClCompile>
    <ClCompile Include="$(SolutionDir)..\..\Dependencies\libzmq\src\router.cpp">
      <Filter>源文件</Filter>
    </ClCompile>
    <ClCompile Include="$(SolutionDir)..\..\Dependencies\libzmq\src\scatter.cpp">
      <Filter>源文件</Filter>
    </ClCompile>
    <ClCompile Include="$(SolutionDir)..\..\Dependencies\libzmq\src\select.cpp">
      <Filter>源文件</Filter>
    </ClCompile>
    <ClCompile Include="$(SolutionDir)..\..\Dependencies\libzmq\src\session_base.cpp">
      <Filter>源文件</Filter>
    </ClCompile>
    <ClCompile Include="$(SolutionDir)..\..\Dependencies\libzmq\src\signaler.cpp">
      <Filter>源文件</Filter>
    </ClCompile>
    <ClCompile Include="$(SolutionDir)..\..\Dependencies\libzmq\src\socket_base.cpp">
      <Filter>源文件</Filter>
    </ClCompile>
    <ClCompile Include="$(SolutionDir)..\..\Dependencies\libzmq\src\stream.cpp">
      <Filter>源文件</Filter>
    </ClCompile>
    <ClCompile Include="$(SolutionDir)..\..\Dependencies\libzmq\src\sub.cpp">
      <Filter>源文件</Filter>
    </ClCompile>
    <ClCompile Include="$(SolutionDir)..\..\Dependencies\libzmq\src\tcp.cpp">
      <Filter>源文件</Filter>
    </ClCompile>
    <ClCompile Include="$(SolutionDir)..\..\Dependencies\libzmq\src\tcp_address.cpp">
      <Filter>源文件</Filter>
    </ClCompile>
    <ClCompile Include="$(SolutionDir)..\..\Dependencies\libzmq\src\tcp_connecter.cpp">
      <Filter>源文件</Filter>
    </ClCompile>
    <ClCompile Include="$(SolutionDir)..\..\Dependencies\libzmq\src\tcp_listener.cpp">
      <Filter>源文件</Filter>
    </ClCompile>
    <ClCompile Include="$(SolutionDir)..\..\Dependencies\libzmq\src\thread.cpp">
      <Filter>源文件</Filter>
    </ClCompile>
    <ClCompile Include="$(SolutionDir)..\..\Dependencies\libzmq\src\trie.cpp">
      <Filter>源文件</Filter>
    </ClCompile>
    <ClCompile Include="$(SolutionDir)..\..\Dependencies\libzmq\src\v1_decoder.cpp">
      <Filter>源文件</Filter>
    </ClCompile>
    <ClCompile Include="$(SolutionDir)..\..\Dependencies\libzmq\src\v1_encoder.cpp">
      <Filter>源文件</Filter>
    </ClCompile>
    <ClCompile Include="$(SolutionDir)..\..\Dependencies\libzmq\src\v2_decoder.cpp">
      <Filter>源文件</Filter>
    </ClCompile>
    <ClCompile Include="$(SolutionDir)..\..\Dependencies\libzmq\src\v2_encoder.cpp">
      <Filter>源文件</Filter>
    </ClCompile>
    <ClCompile Include="$(SolutionDir)..\..\Dependencies\libzmq\src\xpub.cpp">
      <Filter>源文件</Filter>
    </ClCompile>
    <ClCompile Include="$(SolutionDir)..\..\Dependencies\libzmq\src\xsub.cpp">
      <Filter>源文件</Filter>
    </ClCompile>
    <ClCompile Include="$(SolutionDir)..\..\Dependencies\libzmq\src\zmq.cpp">
      <Filter>源文件</Filter>
    </ClCompile>
    <ClCompile Include="$(SolutionDir)..\..\Dependencies\libzmq\src\zmq_utils.cpp">
      <Filter>源文件</Filter>
    </ClCompile>
    <ClCompile Include="$(SolutionDir)..\..\Dependencies\libzmq\src\precompiled.cpp">
      <Filter>源文件</Filter>
    </ClCompile>
    <ClCompile Include="$(SolutionDir)..\..\Dependencies\libzmq\src\curve_client.cpp">
      <Filter>源文件</Filter>
    </ClCompile>
    <ClCompile Include="$(SolutionDir)..\..\Dependencies\libzmq\src\curve_server.cpp">
      <Filter>源文件</Filter>
    </ClCompile>
    <ClCompile Include="$(SolutionDir)..\..\Dependencies\libzmq\src\gather.cpp">
      <Filter>源文件</Filter>
    </ClCompile>
    <ClCompile Include="$(SolutionDir)..\..\Dependencies\libzmq\src\gssapi_mechanism_base.cpp">
      <Filter>源文件</Filter>
    </ClCompile>
    <ClCompile Include="$(SolutionDir)..\..\Dependencies\libzmq\src\gssapi_server.cpp">
      <Filter>源文件</Filter>
    </ClCompile>
    <ClCompile Include="$(SolutionDir)..\..\Dependencies\libzmq\src\gssapi_client.cpp">
      <Filter>源文件</Filter>
    </ClCompile>
    <ClCompile Include="$(SolutionDir)..\..\Dependencies\libzmq\src\socks.cpp">
      <Filter>源文件</Filter>
    </ClCompile>
    <ClCompile Include="$(SolutionDir)..\..\Dependencies\libzmq\src\socks_connecter.cpp">
      <Filter>源文件</Filter>
    </ClCompile>
    <ClCompile Include="$(SolutionDir)..\..\Dependencies\libzmq\src\server.cpp">
      <Filter>源文件</Filter>
    </ClCompile>
    <ClCompile Include="$(SolutionDir)..\..\Dependencies\libzmq\src\client.cpp">
      <Filter>源文件</Filter>
    </ClCompile>
    <ClCompile Include="$(SolutionDir)..\..\Dependencies\libzmq\src\mailbox_safe.cpp">
      <Filter>源文件</Filter>
    </ClCompile>
    <ClCompile Include="$(SolutionDir)..\..\Dependencies\libzmq\src\decoder_allocators.cpp">
      <Filter>源文件</Filter>
    </ClCompile>
    <ClCompile Include="$(SolutionDir)..\..\Dependencies\libzmq\src\socket_poller.cpp">
      <Filter>源文件</Filter>
    </ClCompile>
    <ClCompile Include="$(SolutionDir)..\..\Dependencies\libzmq\src\udp_address.cpp">
      <Filter>源文件</Filter>
    </ClCompile>
    <ClCompile Include="$(SolutionDir)..\..\Dependencies\libzmq\src\udp_engine.cpp">
      <Filter>源文件</Filter>
    </ClCompile>
    <ClCompile Include="$(SolutionDir)..\..\Dependencies\libzmq\src\dish.cpp">
      <Filter>源文件</Filter>
    </ClCompile>
    <ClCompile Include="$(SolutionDir)..\..\Dependencies\libzmq\src\radio.cpp">
      <Filter>源文件</Filter>
    </ClCompile>
    <ClCompile Include="$(SolutionDir)..\..\Dependencies\libzmq\src\timers.cpp">
      <Filter>源文件</Filter>
    </ClCompile>
    <ClCompile Include="$(SolutionDir)..\..\Dependencies\libzmq\src\tweetnacl.c">
      <Filter>源文件</Filter>
    </ClCompile>
    <ClCompile Include="$(SolutionDir)..\..\Dependencies\libzmq\src\curve_mechanism_base.cpp">
      <Filter>源文件</Filter>
    </ClCompile>
    <ClCompile Include="$(SolutionDir)..\..\Dependencies\libzmq\src\mechanism_base.cpp">
      <Filter>源文件</Filter>
    </ClCompile>
    <ClCompile Include="$(SolutionDir)..\..\Dependencies\libzmq\src\zap_client.cpp">
      <Filter>源文件</Filter>
    </ClCompile>
    <ClCompile Include="$(SolutionDir)..\..\Dependencies\libzmq\src\norm_engine.cpp">
      <Filter>源文件</Filter>
    </ClCompile>
    <ClCompile Include="$(SolutionDir)..\..\Dependencies\libzmq\src\polling_util.cpp">
      <Filter>源文件</Filter>
    </ClCompile>
    <ClCompile Include="$(SolutionDir)..\..\Dependencies\libzmq\src\pollset.cpp">
      <Filter>源文件</Filter>
    </ClCompile>
    <ClCompile Include="$(SolutionDir)..\..\Dependencies\libzmq\src\radix_tree.cpp">
      <Filter>源文件</Filter>
    </ClCompile>
    <ClCompile Include="$(SolutionDir)..\..\Dependencies\libzmq\src\endpoint.cpp">
      <Filter>源文件</Filter>
    </ClCompile>
    <ClCompile Include="$(SolutionDir)..\..\Dependencies\libzmq\src\stream_connecter_base.cpp">
      <Filter>源文件</Filter>
    </ClCompile>
    <ClCompile Include="$(SolutionDir)..\..\Dependencies\libzmq\src\stream_listener_base.cpp">
      <Filter>源文件</Filter>
    </ClCompile>
    <ClCompile Include="$(SolutionDir)..\..\Dependencies\libzmq\src\ip_resolver.cpp">
      <Filter>源文件</Filter>
    </ClCompile>
    <ClCompile Include="$(SolutionDir)..\..\Dependencies\libzmq\external\sha1\sha1.c" />
    <ClCompile Include="$(SolutionDir)..\..\Dependencies\libzmq\external\wepoll\wepoll.c" />
    <ClCompile Include="$(SolutionDir)..\..\Dependencies\libzmq\src\channel.cpp" />
    <ClCompile Include="$(SolutionDir)..\..\Dependencies\libzmq\src\peer.cpp" />
    <ClCompile Include="$(SolutionDir)..\..\Dependencies\libzmq\src\raw_engine.cpp" />
    <ClCompile Include="$(SolutionDir)..\..\Dependencies\libzmq\src\stream_engine_base.cpp" />
    <ClCompile Include="$(SolutionDir)..\..\Dependencies\libzmq\src\v3_1_encoder.cpp" />
    <ClCompile Include="$(SolutionDir)..\..\Dependencies\libzmq\src\ws_address.cpp" />
    <ClCompile Include="$(SolutionDir)..\..\Dependencies\libzmq\src\ws_connecter.cpp" />
    <ClCompile Include="$(SolutionDir)..\..\Dependencies\libzmq\src\ws_decoder.cpp" />
    <ClCompile Include="$(SolutionDir)..\..\Dependencies\libzmq\src\ws_encoder.cpp" />
    <ClCompile Include="$(SolutionDir)..\..\Dependencies\libzmq\src\ws_engine.cpp" />
    <ClCompile Include="$(SolutionDir)..\..\Dependencies\libzmq\src\ws_listener.cpp" />
    <ClCompile Include="$(SolutionDir)..\..\Dependencies\libzmq\src\zmtp_engine.cpp" />
  </ItemGroup>
  <ItemGroup>
    <ClInclude Include="$(SolutionDir)..\..\Dependencies\libzmq\src\address.hpp">
      <Filter>头文件\include</Filter>
    </ClInclude>
    <ClInclude Include="$(SolutionDir)..\..\Dependencies\libzmq\src\array.hpp">
      <Filter>头文件\include</Filter>
    </ClInclude>
    <ClInclude Include="$(SolutionDir)..\..\Dependencies\libzmq\src\atomic_counter.hpp">
      <Filter>头文件\include</Filter>
    </ClInclude>
    <ClInclude Include="$(SolutionDir)..\..\Dependencies\libzmq\src\atomic_ptr.hpp">
      <Filter>头文件\include</Filter>
    </ClInclude>
    <ClInclude Include="$(SolutionDir)..\..\Dependencies\libzmq\src\blob.hpp">
      <Filter>头文件\include</Filter>
    </ClInclude>
    <ClInclude Include="$(SolutionDir)..\..\Dependencies\libzmq\src\clock.hpp">
      <Filter>头文件\include</Filter>
    </ClInclude>
    <ClInclude Include="$(SolutionDir)..\..\Dependencies\libzmq\src\command.hpp">
      <Filter>头文件\include</Filter>
    </ClInclude>
    <ClInclude Include="$(SolutionDir)..\..\Dependencies\libzmq\src\config.hpp">
      <Filter>头文件\include</Filter>
    </ClInclude>
    <ClInclude Include="$(SolutionDir)..\..\Dependencies\libzmq\src\ctx.hpp">
      <Filter>头文件\include</Filter>
    </ClInclude>
    <ClInclude Include="$(SolutionDir)..\..\Dependencies\libzmq\src\devpoll.hpp">
      <Filter>头文件\include</Filter>
    </ClInclude>
    <ClInclude Include="$(SolutionDir)..\..\Dependencies\libzmq\src\dgram.hpp">
      <Filter>头文件\include</Filter>
    </ClInclude>
    <ClInclude Include="$(SolutionDir)..\..\Dependencies\libzmq\src\dist.hpp">
      <Filter>头文件\include</Filter>
    </ClInclude>
    <ClInclude Include="$(SolutionDir)..\..\Dependencies\libzmq\src\encoder.hpp">
      <Filter>头文件\include</Filter>
    </ClInclude>
    <ClInclude Include="$(SolutionDir)..\..\Dependencies\libzmq\src\epoll.hpp">
      <Filter>头文件\include</Filter>
    </ClInclude>
    <ClInclude Include="$(SolutionDir)..\..\Dependencies\libzmq\src\err.hpp">
      <Filter>头文件\include</Filter>
    </ClInclude>
    <ClInclude Include="$(SolutionDir)..\..\Dependencies\libzmq\src\fd.hpp">
      <Filter>头文件\include</Filter>
    </ClInclude>
    <ClInclude Include="$(SolutionDir)..\..\Dependencies\libzmq\src\fq.hpp">
      <Filter>头文件\include</Filter>
    </ClInclude>
    <ClInclude Include="$(SolutionDir)..\..\Dependencies\libzmq\src\i_engine.hpp">
      <Filter>头文件\include</Filter>
    </ClInclude>
    <ClInclude Include="$(SolutionDir)..\..\Dependencies\libzmq\src\i_poll_events.hpp">
      <Filter>头文件\include</Filter>
    </ClInclude>
    <ClInclude Include="$(SolutionDir)..\..\Dependencies\libzmq\src\io_object.hpp">
      <Filter>头文件\include</Filter>
    </ClInclude>
    <ClInclude Include="$(SolutionDir)..\..\Dependencies\libzmq\src\io_thread.hpp">
      <Filter>头文件\include</Filter>
    </ClInclude>
    <ClInclude Include="$(SolutionDir)..\..\Dependencies\libzmq\src\ip.hpp">
      <Filter>头文件\include</Filter>
    </ClInclude>
    <ClInclude Include="$(SolutionDir)..\..\Dependencies\libzmq\src\ipc_address.hpp">
      <Filter>头文件\include</Filter>
    </ClInclude>
    <ClInclude Include="$(SolutionDir)..\..\Dependencies\libzmq\src\ipc_connecter.hpp">
      <Filter>头文件\include</Filter>
    </ClInclude>
    <ClInclude Include="$(SolutionDir)..\..\Dependencies\libzmq\src\ipc_listener.hpp">
      <Filter>头文件\include</Filter>
    </ClInclude>
    <ClInclude Include="$(SolutionDir)..\..\Dependencies\libzmq\src\kqueue.hpp">
      <Filter>头文件\include</Filter>
    </ClInclude>
    <ClInclude Include="$(SolutionDir)..\..\Dependencies\libzmq\src\lb.hpp">
      <Filter>头文件\include</Filter>
    </ClInclude>
    <ClInclude Include="$(SolutionDir)..\..\Dependencies\libzmq\src\decoder.hpp">
      <Filter>头文件\include</Filter>
    </ClInclude>
    <ClInclude Include="$(SolutionDir)..\..\Dependencies\libzmq\src\likely.hpp">
      <Filter>头文件\include</Filter>
    </ClInclude>
    <ClInclude Include="$(SolutionDir)..\..\Dependencies\libzmq\src\mailbox.hpp">
      <Filter>头文件\include</Filter>
    </ClInclude>
    <ClInclude Include="$(SolutionDir)..\..\Dependencies\libzmq\src\msg.hpp">
      <Filter>头文件\include</Filter>
    </ClInclude>
    <ClInclude Include="$(SolutionDir)..\..\Dependencies\libzmq\src\mtrie.hpp">
      <Filter>头文件\include</Filter>
    </ClInclude>
    <ClInclude Include="$(SolutionDir)..\..\Dependencies\libzmq\src\mutex.hpp">
      <Filter>头文件\include</Filter>
    </ClInclude>
    <ClInclude Include="$(SolutionDir)..\..\Dependencies\libzmq\src\object.hpp">
      <Filter>头文件\include</Filter>
    </ClInclude>
    <ClInclude Include="$(SolutionDir)..\..\Dependencies\libzmq\src\options.hpp">
      <Filter>头文件\include</Filter>
    </ClInclude>
    <ClInclude Include="$(SolutionDir)..\..\Dependencies\libzmq\src\own.hpp">
      <Filter>头文件\include</Filter>
    </ClInclude>
    <ClInclude Include="$(SolutionDir)..\..\Dependencies\libzmq\src\pair.hpp">
      <Filter>头文件\include</Filter>
    </ClInclude>
    <ClInclude Include="$(SolutionDir)..\..\Dependencies\libzmq\src\pgm_receiver.hpp">
      <Filter>头文件\include</Filter>
    </ClInclude>
    <ClInclude Include="$(SolutionDir)..\..\Dependencies\libzmq\src\yqueue.hpp">
      <Filter>头文件\include</Filter>
    </ClInclude>
    <ClInclude Include="$(SolutionDir)..\..\Dependencies\libzmq\src\ypipe.hpp">
      <Filter>头文件\include</Filter>
    </ClInclude>
    <ClInclude Include="$(SolutionDir)..\..\Dependencies\libzmq\src\xsub.hpp">
      <Filter>头文件\include</Filter>
    </ClInclude>
    <ClInclude Include="$(SolutionDir)..\..\Dependencies\libzmq\src\xreq.hpp">
      <Filter>头文件\include</Filter>
    </ClInclude>
    <ClInclude Include="$(SolutionDir)..\..\Dependencies\libzmq\src\xrep.hpp">
      <Filter>头文件\include</Filter>
    </ClInclude>
    <ClInclude Include="$(SolutionDir)..\..\Dependencies\libzmq\src\xpub.hpp">
      <Filter>头文件\include</Filter>
    </ClInclude>
    <ClInclude Include="$(SolutionDir)..\..\Dependencies\libzmq\src\wire.hpp">
      <Filter>头文件\include</Filter>
    </ClInclude>
    <ClInclude Include="$(SolutionDir)..\..\Dependencies\libzmq\src\windows.hpp">
      <Filter>头文件\include</Filter>
    </ClInclude>
    <ClInclude Include="$(SolutionDir)..\..\Dependencies\libzmq\src\v1_encoder.hpp">
      <Filter>头文件\include</Filter>
    </ClInclude>
    <ClInclude Include="$(SolutionDir)..\..\Dependencies\libzmq\src\v1_protocol.hpp">
      <Filter>头文件\include</Filter>
    </ClInclude>
    <ClInclude Include="$(SolutionDir)..\..\Dependencies\libzmq\src\v1_decoder.hpp">
      <Filter>头文件\include</Filter>
    </ClInclude>
    <ClInclude Include="$(SolutionDir)..\..\Dependencies\libzmq\src\trie.hpp">
      <Filter>头文件\include</Filter>
    </ClInclude>
    <ClInclude Include="$(SolutionDir)..\..\Dependencies\libzmq\src\thread.hpp">
      <Filter>头文件\include</Filter>
    </ClInclude>
    <ClInclude Include="$(SolutionDir)..\..\Dependencies\libzmq\src\tcp_listener.hpp">
      <Filter>头文件\include</Filter>
    </ClInclude>
    <ClInclude Include="$(SolutionDir)..\..\Dependencies\libzmq\src\tcp_connecter.hpp">
      <Filter>头文件\include</Filter>
    </ClInclude>
    <ClInclude Include="$(SolutionDir)..\..\Dependencies\libzmq\src\tcp_address.hpp">
      <Filter>头文件\include</Filter>
    </ClInclude>
    <ClInclude Include="$(SolutionDir)..\..\Dependencies\libzmq\src\tcp.hpp">
      <Filter>头文件\include</Filter>
    </ClInclude>
    <ClInclude Include="$(SolutionDir)..\..\Dependencies\libzmq\src\sub.hpp">
      <Filter>头文件\include</Filter>
    </ClInclude>
    <ClInclude Include="$(SolutionDir)..\..\Dependencies\libzmq\src\stream_engine.hpp">
      <Filter>头文件\include</Filter>
    </ClInclude>
    <ClInclude Include="$(SolutionDir)..\..\Dependencies\libzmq\src\stdint.hpp">
      <Filter>头文件\include</Filter>
    </ClInclude>
    <ClInclude Include="$(SolutionDir)..\..\Dependencies\libzmq\src\socket_base.hpp">
      <Filter>头文件\include</Filter>
    </ClInclude>
    <ClInclude Include="$(SolutionDir)..\..\Dependencies\libzmq\src\signaler.hpp">
      <Filter>头文件\include</Filter>
    </ClInclude>
    <ClInclude Include="$(SolutionDir)..\..\Dependencies\libzmq\src\session_base.hpp">
      <Filter>头文件\include</Filter>
    </ClInclude>
    <ClInclude Include="$(SolutionDir)..\..\Dependencies\libzmq\src\scatter.hpp">
      <Filter>头文件\include</Filter>
    </ClInclude>
    <ClInclude Include="$(SolutionDir)..\..\Dependencies\libzmq\src\select.hpp">
      <Filter>头文件\include</Filter>
    </ClInclude>
    <ClInclude Include="$(SolutionDir)..\..\Dependencies\libzmq\src\req.hpp">
      <Filter>头文件\include</Filter>
    </ClInclude>
    <ClInclude Include="$(SolutionDir)..\..\Dependencies\libzmq\src\rep.hpp">
      <Filter>头文件\include</Filter>
    </ClInclude>
    <ClInclude Include="$(SolutionDir)..\..\Dependencies\libzmq\src\reaper.hpp">
      <Filter>头文件\include</Filter>
    </ClInclude>
    <ClInclude Include="$(SolutionDir)..\..\Dependencies\libzmq\src\raw_encoder.hpp">
      <Filter>头文件\include</Filter>
    </ClInclude>
    <ClInclude Include="$(SolutionDir)..\..\Dependencies\libzmq\src\raw_decoder.hpp">
      <Filter>头文件\include</Filter>
    </ClInclude>
    <ClInclude Include="$(SolutionDir)..\..\Dependencies\libzmq\src\random.hpp">
      <Filter>头文件\include</Filter>
    </ClInclude>
    <ClInclude Include="$(SolutionDir)..\..\Dependencies\libzmq\src\push.hpp">
      <Filter>头文件\include</Filter>
    </ClInclude>
    <ClInclude Include="$(SolutionDir)..\..\Dependencies\libzmq\src\pull.hpp">
      <Filter>头文件\include</Filter>
    </ClInclude>
    <ClInclude Include="$(SolutionDir)..\..\Dependencies\libzmq\src\pub.hpp">
      <Filter>头文件\include</Filter>
    </ClInclude>
    <ClInclude Include="$(SolutionDir)..\..\Dependencies\libzmq\src\proxy.hpp">
      <Filter>头文件\include</Filter>
    </ClInclude>
    <ClInclude Include="$(SolutionDir)..\..\Dependencies\libzmq\src\precompiled.hpp">
      <Filter>头文件\include</Filter>
    </ClInclude>
    <ClInclude Include="$(SolutionDir)..\..\Dependencies\libzmq\src\poller_base.hpp">
      <Filter>头文件\include</Filter>
    </ClInclude>
    <ClInclude Include="$(SolutionDir)..\..\Dependencies\libzmq\src\poller.hpp">
      <Filter>头文件\include</Filter>
    </ClInclude>
    <ClInclude Include="$(SolutionDir)..\..\Dependencies\libzmq\src\poll.hpp">
      <Filter>头文件\include</Filter>
    </ClInclude>
    <ClInclude Include="$(SolutionDir)..\..\Dependencies\libzmq\src\pipe.hpp">
      <Filter>头文件\include</Filter>
    </ClInclude>
    <ClInclude Include="$(SolutionDir)..\..\Dependencies\libzmq\src\pgm_socket.hpp">
      <Filter>头文件\include</Filter>
    </ClInclude>
    <ClInclude Include="$(SolutionDir)..\..\Dependencies\libzmq\src\pgm_sender.hpp">
      <Filter>头文件\include</Filter>
    </ClInclude>
    <ClInclude Include="$(SolutionDir)..\..\Dependencies\libzmq\src\curve_client.hpp">
      <Filter>头文件\include</Filter>
    </ClInclude>
    <ClInclude Include="$(SolutionDir)..\..\Dependencies\libzmq\src\curve_server.hpp">
      <Filter>头文件\include</Filter>
    </ClInclude>
    <ClInclude Include="$(SolutionDir)..\..\Dependencies\libzmq\src\gather.hpp">
      <Filter>头文件\include</Filter>
    </ClInclude>
    <ClInclude Include="$(SolutionDir)..\..\Dependencies\libzmq\src\gssapi_mechanism_base.hpp">
      <Filter>头文件\include</Filter>
    </ClInclude>
    <ClInclude Include="$(SolutionDir)..\..\Dependencies\libzmq\src\gssapi_server.hpp">
      <Filter>头文件\include</Filter>
    </ClInclude>
    <ClInclude Include="$(SolutionDir)..\..\Dependencies\libzmq\src\gssapi_client.hpp">
      <Filter>头文件\include</Filter>
    </ClInclude>
    <ClInclude Include="$(SolutionDir)..\..\Dependencies\libzmq\src\socks.hpp">
      <Filter>头文件\include</Filter>
    </ClInclude>
    <ClInclude Include="$(SolutionDir)..\..\Dependencies\libzmq\src\socks_connecter.hpp">
      <Filter>头文件\include</Filter>
    </ClInclude>
    <ClInclude Include="$(SolutionDir)..\..\Dependencies\libzmq\src\server.hpp">
      <Filter>头文件\include</Filter>
    </ClInclude>
    <ClInclude Include="$(SolutionDir)..\..\Dependencies\libzmq\src\client.hpp">
      <Filter>头文件\include</Filter>
    </ClInclude>
    <ClInclude Include="$(SolutionDir)..\..\Dependencies\libzmq\src\mailbox_safe.hpp">
      <Filter>头文件\include</Filter>
    </ClInclude>
    <ClInclude Include="$(SolutionDir)..\..\Dependencies\libzmq\src\condition_variable.hpp">
      <Filter>头文件\include</Filter>
    </ClInclude>
    <ClInclude Include="$(SolutionDir)..\..\Dependencies\libzmq\src\decoder_allocators.hpp">
      <Filter>头文件\include</Filter>
    </ClInclude>
    <ClInclude Include="$(SolutionDir)..\..\Dependencies\libzmq\src\udp_address.hpp">
      <Filter>头文件\include</Filter>
    </ClInclude>
    <ClInclude Include="$(SolutionDir)..\..\Dependencies\libzmq\src\udp_engine.hpp">
      <Filter>头文件\include</Filter>
    </ClInclude>
    <ClInclude Include="$(SolutionDir)..\..\Dependencies\libzmq\src\dish.hpp">
      <Filter>头文件\include</Filter>
    </ClInclude>
    <ClInclude Include="$(SolutionDir)..\..\Dependencies\libzmq\src\radio.hpp">
      <Filter>头文件\include</Filter>
    </ClInclude>
    <ClInclude Include="$(SolutionDir)..\..\Dependencies\libzmq\src\timers.hpp">
      <Filter>头文件\include</Filter>
    </ClInclude>
    <ClInclude Include="$(SolutionDir)..\..\Dependencies\libzmq\src\tweetnacl.h">
      <Filter>头文件\include</Filter>
    </ClInclude>
    <ClInclude Include="$(SolutionDir)..\..\Dependencies\libzmq\src\zmq_draft.h">
      <Filter>头文件\include</Filter>
    </ClInclude>
    <ClInclude Include="platform.hpp">
      <Filter>头文件</Filter>
    </ClInclude>
    <ClInclude Include="$(SolutionDir)..\..\Dependencies\libzmq\include\zmq.h">
      <Filter>头文件</Filter>
    </ClInclude>
  </ItemGroup>
  <ItemGroup>
    <Filter Include="源文件">
      <UniqueIdentifier>{35f0c644-e1d8-4a46-bb33-06bb8b645fff}</UniqueIdentifier>
    </Filter>
    <Filter Include="头文件">
      <UniqueIdentifier>{f7e88c6c-e408-4631-959c-fe3568656d70}</UniqueIdentifier>
    </Filter>
    <Filter Include="头文件\include">
      <UniqueIdentifier>{90853975-3420-4f06-8be4-4ab3d9792160}</UniqueIdentifier>
    </Filter>
  </ItemGroup>
</Project>